
Microsoft Visual Studio Solution File, Format Version 12.00
# Visual Studio Version 17
VisualStudioVersion = 17.13.35825.156 d17.13
MinimumVisualStudioVersion = 10.0.40219.1
Project("{FAE04EC0-301F-11D3-BF4B-00C04F79EFBC}") = "ASP NET 01. CoR", "ASP NET 01. CoR\ASP NET 01. CoR.csproj", "{5A022181-A02C-4C08-88AA-DE677FF6680F}"
EndProject
Project("{2150E333-8FDC-42A3-9474-1A3956D46DE8}") = "ASP 01", "ASP 01", "{02EA681E-C7D8-13C7-8484-4AC65E1B71E8}"
EndProject
Project("{FAE04EC0-301F-11D3-BF4B-00C04F79EFBC}") = "ASP NET 01. Mini HTTP Server", "ASP NET 01. Mini HTTP Server\ASP NET 01. Mini HTTP Server.csproj", "{87413DFC-6EE1-4FD7-A805-A0366BAB1697}"
EndProject
Project("{FAE04EC0-301F-11D3-BF4B-00C04F79EFBC}") = "ASP NET 01. Mini ASP", "ASP NET 01. Mini ASP\ASP NET 01. Mini ASP.csproj", "{2A80C711-20DB-4CC6-BB30-8C64668C0CC3}"
EndProject
Project("{FAE04EC0-301F-11D3-BF4B-00C04F79EFBC}") = "ASP NET 01. MVC Example", "ASP NET 01. MVC Example\ASP NET 01. MVC Example.csproj", "{663B8892-494B-40D0-A631-06E3BDC04386}"
EndProject
Global
	GlobalSection(SolutionConfigurationPlatforms) = preSolution
		Debug|Any CPU = Debug|Any CPU
		Release|Any CPU = Release|Any CPU
	EndGlobalSection
	GlobalSection(ProjectConfigurationPlatforms) = postSolution
		{5A022181-A02C-4C08-88AA-DE677FF6680F}.Debug|Any CPU.ActiveCfg = Debug|Any CPU
		{5A022181-A02C-4C08-88AA-DE677FF6680F}.Debug|Any CPU.Build.0 = Debug|Any CPU
		{5A022181-A02C-4C08-88AA-DE677FF6680F}.Release|Any CPU.ActiveCfg = Release|Any CPU
		{5A022181-A02C-4C08-88AA-DE677FF6680F}.Release|Any CPU.Build.0 = Release|Any CPU
		{87413DFC-6EE1-4FD7-A805-A0366BAB1697}.Debug|Any CPU.ActiveCfg = Debug|Any CPU
		{87413DFC-6EE1-4FD7-A805-A0366BAB1697}.Debug|Any CPU.Build.0 = Debug|Any CPU
		{87413DFC-6EE1-4FD7-A805-A0366BAB1697}.Release|Any CPU.ActiveCfg = Release|Any CPU
		{87413DFC-6EE1-4FD7-A805-A0366BAB1697}.Release|Any CPU.Build.0 = Release|Any CPU
		{2A80C711-20DB-4CC6-BB30-8C64668C0CC3}.Debug|Any CPU.ActiveCfg = Debug|Any CPU
		{2A80C711-20DB-4CC6-BB30-8C64668C0CC3}.Debug|Any CPU.Build.0 = Debug|Any CPU
		{2A80C711-20DB-4CC6-BB30-8C64668C0CC3}.Release|Any CPU.ActiveCfg = Release|Any CPU
		{2A80C711-20DB-4CC6-BB30-8C64668C0CC3}.Release|Any CPU.Build.0 = Release|Any CPU
		{663B8892-494B-40D0-A631-06E3BDC04386}.Debug|Any CPU.ActiveCfg = Debug|Any CPU
		{663B8892-494B-40D0-A631-06E3BDC04386}.Debug|Any CPU.Build.0 = Debug|Any CPU
		{663B8892-494B-40D0-A631-06E3BDC04386}.Release|Any CPU.ActiveCfg = Release|Any CPU
		{663B8892-494B-40D0-A631-06E3BDC04386}.Release|Any CPU.Build.0 = Release|Any CPU
	EndGlobalSection
	GlobalSection(SolutionProperties) = preSolution
		HideSolutionNode = FALSE
	EndGlobalSection
	GlobalSection(NestedProjects) = preSolution
		{5A022181-A02C-4C08-88AA-DE677FF6680F} = {02EA681E-C7D8-13C7-8484-4AC65E1B71E8}
		{87413DFC-6EE1-4FD7-A805-A0366BAB1697} = {02EA681E-C7D8-13C7-8484-4AC65E1B71E8}
		{2A80C711-20DB-4CC6-BB30-8C64668C0CC3} = {02EA681E-C7D8-13C7-8484-4AC65E1B71E8}
		{663B8892-494B-40D0-A631-06E3BDC04386} = {02EA681E-C7D8-13C7-8484-4AC65E1B71E8}
	EndGlobalSection
	GlobalSection(ExtensibilityGlobals) = postSolution
		SolutionGuid = {BD576C93-FE41-4B42-AD59-9D3681B7B052}
	EndGlobalSection
EndGlobal
