
Microsoft Visual Studio Solution File, Format Version 12.00
# Visual Studio Version 17
VisualStudioVersion = 17.13.35825.156
MinimumVisualStudioVersion = 10.0.40219.1
Project("{FAE04EC0-301F-11D3-BF4B-00C04F79EFBC}") = "ASP NET 01. CoR", "ASP NET 01. CoR\ASP NET 01. CoR.csproj", "{5A022181-A02C-4C08-88AA-DE677FF6680F}"
EndProject
Project("{2150E333-8FDC-42A3-9474-1A3956D46DE8}") = "ASP 01", "ASP 01", "{02EA681E-C7D8-13C7-8484-4AC65E1B71E8}"
EndProject
Project("{FAE04EC0-301F-11D3-BF4B-00C04F79EFBC}") = "ASP NET 01. Mini HTTP Server", "ASP NET 01. Mini HTTP Server\ASP NET 01. Mini HTTP Server.csproj", "{87413DFC-6EE1-4FD7-A805-A0366BAB1697}"
EndProject
Project("{FAE04EC0-301F-11D3-BF4B-00C04F79EFBC}") = "ASP NET 01. MVC Example", "ASP NET 01. MVC Example\ASP NET 01. MVC Example.csproj", "{663B8892-494B-40D0-A631-06E3BDC04386}"
EndProject
Project("{FAE04EC0-301F-11D3-BF4B-00C04F79EFBC}") = "ASP NET 02. Mini ASP", "ASP NET 02. Mini ASP\ASP NET 02. Mini ASP.csproj", "{E4475E7C-112D-7EA3-177A-E27D2E76D866}"
EndProject
Project("{2150E333-8FDC-42A3-9474-1A3956D46DE8}") = "ASP 02", "ASP 02", "{548A93E1-CEF3-486A-8DD0-34273A24B55D}"
EndProject
Project("{FAE04EC0-301F-11D3-BF4B-00C04F79EFBC}") = "ASP 02. ASP Old", "ASP 02. ASP Old\ASP 02. ASP Old.csproj", "{6B3C360F-F766-4E21-9D3C-E015E5D6F50F}"
EndProject
Project("{FAE04EC0-301F-11D3-BF4B-00C04F79EFBC}") = "ASP 02. Dependency Injection", "ASP 02. Dependency Injection\ASP 02. Dependency Injection.csproj", "{EEFC55E7-4D9F-4FA4-8F48-7FF500AA09CA}"
EndProject
Project("{FAE04EC0-301F-11D3-BF4B-00C04F79EFBC}") = "ASP 02. Dependency Injection - services", "ASP 02. Dependency Injection - services\ASP 02. Dependency Injection - services.csproj", "{FBF7419E-EBBB-4786-89FC-BC3DD751CD13}"
EndProject
Project("{2150E333-8FDC-42A3-9474-1A3956D46DE8}") = "ASP 03", "ASP 03", "{8F737D9E-132F-401B-90A7-B01E106FD2E6}"
EndProject
Project("{FAE04EC0-301F-11D3-BF4B-00C04F79EFBC}") = "ASP NET 03. Razor Pages", "ASP NET 03. Razor Pages\ASP NET 03. Razor Pages.csproj", "{189E762A-FD78-4590-BD26-F2CB26436483}"
EndProject
Project("{FAE04EC0-301F-11D3-BF4B-00C04F79EFBC}") = "ASP NET 03. Razor Pages Product Site", "ASP NET 03. Razor Pages Product Site\ASP NET 03. Razor Pages Product Site.csproj", "{883A73E8-17B8-4A4D-9279-1CCD78692447}"
EndProject
Project("{2150E333-8FDC-42A3-9474-1A3956D46DE8}") = "ASP 04", "ASP 04", "{3FAE7B23-3DE8-484B-97FB-75530BE65CE4}"
EndProject
Project("{FAE04EC0-301F-11D3-BF4B-00C04F79EFBC}") = "ASP 04. Products MVC", "ASP 04. Products MVC\ASP 04. Products MVC.csproj", "{525AAF45-8AB5-4E68-8066-43BE776B2921}"
EndProject
Project("{FAE04EC0-301F-11D3-BF4B-00C04F79EFBC}") = "ASP 04. Products MVC Scaffold", "ASP 04. Products MVC Scaffold\ASP 04. Products MVC Scaffold.csproj", "{1E0D858A-BF93-43C6-8B61-6CF4F0E34920}"
EndProject
Project("{2150E333-8FDC-42A3-9474-1A3956D46DE8}") = "ASP 05", "ASP 05", "{BCE3E388-DAD1-45E9-B906-1224E6251390}"
EndProject
Project("{FAE04EC0-301F-11D3-BF4B-00C04F79EFBC}") = "ASP 05. HTML Helpers", "ASP 05. HTML Helpers\ASP 05. HTML Helpers.csproj", "{8BFBC210-7FBC-4BD0-9FCF-519A52177754}"
EndProject
Project("{FAE04EC0-301F-11D3-BF4B-00C04F79EFBC}") = "ASP 05. ASP Filters", "ASP 05. ASP Filters\ASP 05. ASP Filters.csproj", "{5103A06A-3A76-45D2-AC52-ADD033B474C6}"
EndProject
Project("{2150E333-8FDC-42A3-9474-1A3956D46DE8}") = "ASP 06", "ASP 06", "{6E2FADDE-112C-4B0C-94C8-7BE552579FCE}"
EndProject
Project("{FAE04EC0-301F-11D3-BF4B-00C04F79EFBC}") = "ASP 06. Students App (Pagination Filtering Sorting)", "ASP 06. Students App (Pagination, Filtering, Sorting)\ASP 06. Students App (Pagination Filtering Sorting).csproj", "{420EDDA0-2085-4827-ABD6-1F4BE045802C}"
EndProject
Project("{2150E333-8FDC-42A3-9474-1A3956D46DE8}") = "ASP 07", "ASP 07", "{8E6698BC-C2A2-4F2F-A452-8E729B0D4071}"
EndProject
Project("{FAE04EC0-301F-11D3-BF4B-00C04F79EFBC}") = "ASP 07. ToDo Web API start", "ASP 07. ToDo Web API start\ASP 07. ToDo Web API start.csproj", "{D3DA7A81-8497-41EA-B4FD-54A2EAD81349}"
EndProject
Project("{FAE04EC0-301F-11D3-BF4B-00C04F79EFBC}") = "ASP 07. ToDo Web API DTO", "ASP 07. ToDo Web API DTO\ASP 07. ToDo Web API DTO.csproj", "{D0FCAA99-E815-4E0B-AFB9-AA73A5A3702B}"
EndProject
Project("{2150E333-8FDC-42A3-9474-1A3956D46DE8}") = "ASP 08. Pagination", "ASP 08. Pagination", "{7F78135C-A0B5-4891-9C72-BDA21076CF41}"
EndProject
Project("{FAE04EC0-301F-11D3-BF4B-00C04F79EFBC}") = "ASP 08. ToDo Web API Pagination", "ASP 08. ToDo Web API Pagination\ASP 08. ToDo Web API Pagination.csproj", "{F37F5752-F026-4BD2-8DE6-BB84694337A8}"
EndProject
Project("{2150E333-8FDC-42A3-9474-1A3956D46DE8}") = "ASP 09", "ASP 09", "{73B57C8C-6EBB-4A11-B500-F552880433DE}"
EndProject
Project("{FAE04EC0-301F-11D3-BF4B-00C04F79EFBC}") = "ASP 09. ToDo Web API Authorization JWT Token", "ASP 09. ToDo Web API Authorization JWT Token\ASP 09. ToDo Web API Authorization JWT Token.csproj", "{47E47B11-00BD-4957-9891-648E82BCC01E}"
EndProject
Project("{FAE04EC0-301F-11D3-BF4B-00C04F79EFBC}") = "ASP NET 11. Identity. Refresh token", "ASP NET 11. Identity. Refresh token\ASP NET 11. Identity. Refresh token.csproj", "{FAD12EB5-6865-4CC5-8E4B-BF210D9B05F5}"
EndProject
Project("{2150E333-8FDC-42A3-9474-1A3956D46DE8}") = "ASP 11", "ASP 11", "{1425EA58-7BD1-4BA5-8793-62FBAA85EE8D}"
EndProject
Global
	GlobalSection(SolutionConfigurationPlatforms) = preSolution
		Debug|Any CPU = Debug|Any CPU
		Release|Any CPU = Release|Any CPU
	EndGlobalSection
	GlobalSection(ProjectConfigurationPlatforms) = postSolution
		{5A022181-A02C-4C08-88AA-DE677FF6680F}.Debug|Any CPU.ActiveCfg = Debug|Any CPU
		{5A022181-A02C-4C08-88AA-DE677FF6680F}.Debug|Any CPU.Build.0 = Debug|Any CPU
		{5A022181-A02C-4C08-88AA-DE677FF6680F}.Release|Any CPU.ActiveCfg = Release|Any CPU
		{5A022181-A02C-4C08-88AA-DE677FF6680F}.Release|Any CPU.Build.0 = Release|Any CPU
		{87413DFC-6EE1-4FD7-A805-A0366BAB1697}.Debug|Any CPU.ActiveCfg = Debug|Any CPU
		{87413DFC-6EE1-4FD7-A805-A0366BAB1697}.Debug|Any CPU.Build.0 = Debug|Any CPU
		{87413DFC-6EE1-4FD7-A805-A0366BAB1697}.Release|Any CPU.ActiveCfg = Release|Any CPU
		{87413DFC-6EE1-4FD7-A805-A0366BAB1697}.Release|Any CPU.Build.0 = Release|Any CPU
		{663B8892-494B-40D0-A631-06E3BDC04386}.Debug|Any CPU.ActiveCfg = Debug|Any CPU
		{663B8892-494B-40D0-A631-06E3BDC04386}.Debug|Any CPU.Build.0 = Debug|Any CPU
		{663B8892-494B-40D0-A631-06E3BDC04386}.Release|Any CPU.ActiveCfg = Release|Any CPU
		{663B8892-494B-40D0-A631-06E3BDC04386}.Release|Any CPU.Build.0 = Release|Any CPU
		{E4475E7C-112D-7EA3-177A-E27D2E76D866}.Debug|Any CPU.ActiveCfg = Debug|Any CPU
		{E4475E7C-112D-7EA3-177A-E27D2E76D866}.Debug|Any CPU.Build.0 = Debug|Any CPU
		{E4475E7C-112D-7EA3-177A-E27D2E76D866}.Release|Any CPU.ActiveCfg = Release|Any CPU
		{E4475E7C-112D-7EA3-177A-E27D2E76D866}.Release|Any CPU.Build.0 = Release|Any CPU
		{6B3C360F-F766-4E21-9D3C-E015E5D6F50F}.Debug|Any CPU.ActiveCfg = Debug|Any CPU
		{6B3C360F-F766-4E21-9D3C-E015E5D6F50F}.Debug|Any CPU.Build.0 = Debug|Any CPU
		{6B3C360F-F766-4E21-9D3C-E015E5D6F50F}.Release|Any CPU.ActiveCfg = Release|Any CPU
		{6B3C360F-F766-4E21-9D3C-E015E5D6F50F}.Release|Any CPU.Build.0 = Release|Any CPU
		{EEFC55E7-4D9F-4FA4-8F48-7FF500AA09CA}.Debug|Any CPU.ActiveCfg = Debug|Any CPU
		{EEFC55E7-4D9F-4FA4-8F48-7FF500AA09CA}.Debug|Any CPU.Build.0 = Debug|Any CPU
		{EEFC55E7-4D9F-4FA4-8F48-7FF500AA09CA}.Release|Any CPU.ActiveCfg = Release|Any CPU
		{EEFC55E7-4D9F-4FA4-8F48-7FF500AA09CA}.Release|Any CPU.Build.0 = Release|Any CPU
		{FBF7419E-EBBB-4786-89FC-BC3DD751CD13}.Debug|Any CPU.ActiveCfg = Debug|Any CPU
		{FBF7419E-EBBB-4786-89FC-BC3DD751CD13}.Debug|Any CPU.Build.0 = Debug|Any CPU
		{FBF7419E-EBBB-4786-89FC-BC3DD751CD13}.Release|Any CPU.ActiveCfg = Release|Any CPU
		{FBF7419E-EBBB-4786-89FC-BC3DD751CD13}.Release|Any CPU.Build.0 = Release|Any CPU
		{189E762A-FD78-4590-BD26-F2CB26436483}.Debug|Any CPU.ActiveCfg = Debug|Any CPU
		{189E762A-FD78-4590-BD26-F2CB26436483}.Debug|Any CPU.Build.0 = Debug|Any CPU
		{189E762A-FD78-4590-BD26-F2CB26436483}.Release|Any CPU.ActiveCfg = Release|Any CPU
		{189E762A-FD78-4590-BD26-F2CB26436483}.Release|Any CPU.Build.0 = Release|Any CPU
		{883A73E8-17B8-4A4D-9279-1CCD78692447}.Debug|Any CPU.ActiveCfg = Debug|Any CPU
		{883A73E8-17B8-4A4D-9279-1CCD78692447}.Debug|Any CPU.Build.0 = Debug|Any CPU
		{883A73E8-17B8-4A4D-9279-1CCD78692447}.Release|Any CPU.ActiveCfg = Release|Any CPU
		{883A73E8-17B8-4A4D-9279-1CCD78692447}.Release|Any CPU.Build.0 = Release|Any CPU
		{525AAF45-8AB5-4E68-8066-43BE776B2921}.Debug|Any CPU.ActiveCfg = Debug|Any CPU
		{525AAF45-8AB5-4E68-8066-43BE776B2921}.Debug|Any CPU.Build.0 = Debug|Any CPU
		{525AAF45-8AB5-4E68-8066-43BE776B2921}.Release|Any CPU.ActiveCfg = Release|Any CPU
		{525AAF45-8AB5-4E68-8066-43BE776B2921}.Release|Any CPU.Build.0 = Release|Any CPU
		{1E0D858A-BF93-43C6-8B61-6CF4F0E34920}.Debug|Any CPU.ActiveCfg = Debug|Any CPU
		{1E0D858A-BF93-43C6-8B61-6CF4F0E34920}.Debug|Any CPU.Build.0 = Debug|Any CPU
		{1E0D858A-BF93-43C6-8B61-6CF4F0E34920}.Release|Any CPU.ActiveCfg = Release|Any CPU
		{1E0D858A-BF93-43C6-8B61-6CF4F0E34920}.Release|Any CPU.Build.0 = Release|Any CPU
		{8BFBC210-7FBC-4BD0-9FCF-519A52177754}.Debug|Any CPU.ActiveCfg = Debug|Any CPU
		{8BFBC210-7FBC-4BD0-9FCF-519A52177754}.Debug|Any CPU.Build.0 = Debug|Any CPU
		{8BFBC210-7FBC-4BD0-9FCF-519A52177754}.Release|Any CPU.ActiveCfg = Release|Any CPU
		{8BFBC210-7FBC-4BD0-9FCF-519A52177754}.Release|Any CPU.Build.0 = Release|Any CPU
		{5103A06A-3A76-45D2-AC52-ADD033B474C6}.Debug|Any CPU.ActiveCfg = Debug|Any CPU
		{5103A06A-3A76-45D2-AC52-ADD033B474C6}.Debug|Any CPU.Build.0 = Debug|Any CPU
		{5103A06A-3A76-45D2-AC52-ADD033B474C6}.Release|Any CPU.ActiveCfg = Release|Any CPU
		{5103A06A-3A76-45D2-AC52-ADD033B474C6}.Release|Any CPU.Build.0 = Release|Any CPU
		{420EDDA0-2085-4827-ABD6-1F4BE045802C}.Debug|Any CPU.ActiveCfg = Debug|Any CPU
		{420EDDA0-2085-4827-ABD6-1F4BE045802C}.Debug|Any CPU.Build.0 = Debug|Any CPU
		{420EDDA0-2085-4827-ABD6-1F4BE045802C}.Release|Any CPU.ActiveCfg = Release|Any CPU
		{420EDDA0-2085-4827-ABD6-1F4BE045802C}.Release|Any CPU.Build.0 = Release|Any CPU
		{D3DA7A81-8497-41EA-B4FD-54A2EAD81349}.Debug|Any CPU.ActiveCfg = Debug|Any CPU
		{D3DA7A81-8497-41EA-B4FD-54A2EAD81349}.Debug|Any CPU.Build.0 = Debug|Any CPU
		{D3DA7A81-8497-41EA-B4FD-54A2EAD81349}.Release|Any CPU.ActiveCfg = Release|Any CPU
		{D3DA7A81-8497-41EA-B4FD-54A2EAD81349}.Release|Any CPU.Build.0 = Release|Any CPU
		{D0FCAA99-E815-4E0B-AFB9-AA73A5A3702B}.Debug|Any CPU.ActiveCfg = Debug|Any CPU
		{D0FCAA99-E815-4E0B-AFB9-AA73A5A3702B}.Debug|Any CPU.Build.0 = Debug|Any CPU
		{D0FCAA99-E815-4E0B-AFB9-AA73A5A3702B}.Release|Any CPU.ActiveCfg = Release|Any CPU
		{D0FCAA99-E815-4E0B-AFB9-AA73A5A3702B}.Release|Any CPU.Build.0 = Release|Any CPU
		{F37F5752-F026-4BD2-8DE6-BB84694337A8}.Debug|Any CPU.ActiveCfg = Debug|Any CPU
		{F37F5752-F026-4BD2-8DE6-BB84694337A8}.Debug|Any CPU.Build.0 = Debug|Any CPU
		{F37F5752-F026-4BD2-8DE6-BB84694337A8}.Release|Any CPU.ActiveCfg = Release|Any CPU
		{F37F5752-F026-4BD2-8DE6-BB84694337A8}.Release|Any CPU.Build.0 = Release|Any CPU
		{47E47B11-00BD-4957-9891-648E82BCC01E}.Debug|Any CPU.ActiveCfg = Debug|Any CPU
		{47E47B11-00BD-4957-9891-648E82BCC01E}.Debug|Any CPU.Build.0 = Debug|Any CPU
		{47E47B11-00BD-4957-9891-648E82BCC01E}.Release|Any CPU.ActiveCfg = Release|Any CPU
		{47E47B11-00BD-4957-9891-648E82BCC01E}.Release|Any CPU.Build.0 = Release|Any CPU
		{FAD12EB5-6865-4CC5-8E4B-BF210D9B05F5}.Debug|Any CPU.ActiveCfg = Debug|Any CPU
		{FAD12EB5-6865-4CC5-8E4B-BF210D9B05F5}.Debug|Any CPU.Build.0 = Debug|Any CPU
		{FAD12EB5-6865-4CC5-8E4B-BF210D9B05F5}.Release|Any CPU.ActiveCfg = Release|Any CPU
		{FAD12EB5-6865-4CC5-8E4B-BF210D9B05F5}.Release|Any CPU.Build.0 = Release|Any CPU
	EndGlobalSection
	GlobalSection(SolutionProperties) = preSolution
		HideSolutionNode = FALSE
	EndGlobalSection
	GlobalSection(NestedProjects) = preSolution
		{5A022181-A02C-4C08-88AA-DE677FF6680F} = {02EA681E-C7D8-13C7-8484-4AC65E1B71E8}
		{87413DFC-6EE1-4FD7-A805-A0366BAB1697} = {02EA681E-C7D8-13C7-8484-4AC65E1B71E8}
		{663B8892-494B-40D0-A631-06E3BDC04386} = {02EA681E-C7D8-13C7-8484-4AC65E1B71E8}
		{E4475E7C-112D-7EA3-177A-E27D2E76D866} = {02EA681E-C7D8-13C7-8484-4AC65E1B71E8}
		{6B3C360F-F766-4E21-9D3C-E015E5D6F50F} = {548A93E1-CEF3-486A-8DD0-34273A24B55D}
		{EEFC55E7-4D9F-4FA4-8F48-7FF500AA09CA} = {548A93E1-CEF3-486A-8DD0-34273A24B55D}
		{FBF7419E-EBBB-4786-89FC-BC3DD751CD13} = {548A93E1-CEF3-486A-8DD0-34273A24B55D}
		{189E762A-FD78-4590-BD26-F2CB26436483} = {8F737D9E-132F-401B-90A7-B01E106FD2E6}
		{883A73E8-17B8-4A4D-9279-1CCD78692447} = {8F737D9E-132F-401B-90A7-B01E106FD2E6}
		{525AAF45-8AB5-4E68-8066-43BE776B2921} = {3FAE7B23-3DE8-484B-97FB-75530BE65CE4}
		{1E0D858A-BF93-43C6-8B61-6CF4F0E34920} = {3FAE7B23-3DE8-484B-97FB-75530BE65CE4}
		{8BFBC210-7FBC-4BD0-9FCF-519A52177754} = {BCE3E388-DAD1-45E9-B906-1224E6251390}
		{5103A06A-3A76-45D2-AC52-ADD033B474C6} = {BCE3E388-DAD1-45E9-B906-1224E6251390}
		{420EDDA0-2085-4827-ABD6-1F4BE045802C} = {6E2FADDE-112C-4B0C-94C8-7BE552579FCE}
		{D3DA7A81-8497-41EA-B4FD-54A2EAD81349} = {8E6698BC-C2A2-4F2F-A452-8E729B0D4071}
		{D0FCAA99-E815-4E0B-AFB9-AA73A5A3702B} = {8E6698BC-C2A2-4F2F-A452-8E729B0D4071}
		{F37F5752-F026-4BD2-8DE6-BB84694337A8} = {7F78135C-A0B5-4891-9C72-BDA21076CF41}
		{47E47B11-00BD-4957-9891-648E82BCC01E} = {73B57C8C-6EBB-4A11-B500-F552880433DE}
		{FAD12EB5-6865-4CC5-8E4B-BF210D9B05F5} = {1425EA58-7BD1-4BA5-8793-62FBAA85EE8D}
	EndGlobalSection
	GlobalSection(ExtensibilityGlobals) = postSolution
		SolutionGuid = {BD576C93-FE41-4B42-AD59-9D3681B7B052}
	EndGlobalSection
EndGlobal
